
Microsoft Visual Studio Solution File, Format Version 12.00
# Visual Studio Version 17
VisualStudioVersion = 17.4.33205.214
MinimumVisualStudioVersion = 10.0.40219.1
Project("{9A19103F-16F7-4668-BE54-9A1E7A4F7556}") = "OktavaProject.API", "OktavaProject\OktavaProject.API.csproj", "{E8D488E2-C81C-4F18-B9EE-6244617E5D7B}"
EndProject
Project("{9A19103F-16F7-4668-BE54-9A1E7A4F7556}") = "OktavaProject.DL", "OktavaProject.API\OktavaProject.DL.csproj", "{9080219C-DD36-4A7E-A07C-174FDAC40065}"
EndProject
Project("{9A19103F-16F7-4668-BE54-9A1E7A4F7556}") = "OktavaProject.BL", "OktavaProject.BL\OktavaProject.BL.csproj", "{CE7E67C4-8453-4CE1-9243-DCB16B1342EA}"
EndProject
Project("{FAE04EC0-301F-11D3-BF4B-00C04F79EFBC}") = "OktavaProjectEntities", "Entities\OktavaProjectEntities.csproj", "{DAFE3F5E-8E07-4449-BB4C-62237999B417}"
EndProject
Global
	GlobalSection(SolutionConfigurationPlatforms) = preSolution
		Debug|Any CPU = Debug|Any CPU
		Release|Any CPU = Release|Any CPU
	EndGlobalSection
	GlobalSection(ProjectConfigurationPlatforms) = postSolution
		{E8D488E2-C81C-4F18-B9EE-6244617E5D7B}.Debug|Any CPU.ActiveCfg = Debug|Any CPU
		{E8D488E2-C81C-4F18-B9EE-6244617E5D7B}.Debug|Any CPU.Build.0 = Debug|Any CPU
		{E8D488E2-C81C-4F18-B9EE-6244617E5D7B}.Release|Any CPU.ActiveCfg = Release|Any CPU
		{E8D488E2-C81C-4F18-B9EE-6244617E5D7B}.Release|Any CPU.Build.0 = Release|Any CPU
		{9080219C-DD36-4A7E-A07C-174FDAC40065}.Debug|Any CPU.ActiveCfg = Debug|Any CPU
		{9080219C-DD36-4A7E-A07C-174FDAC40065}.Debug|Any CPU.Build.0 = Debug|Any CPU
		{9080219C-DD36-4A7E-A07C-174FDAC40065}.Release|Any CPU.ActiveCfg = Release|Any CPU
		{9080219C-DD36-4A7E-A07C-174FDAC40065}.Release|Any CPU.Build.0 = Release|Any CPU
		{CE7E67C4-8453-4CE1-9243-DCB16B1342EA}.Debug|Any CPU.ActiveCfg = Debug|Any CPU
		{CE7E67C4-8453-4CE1-9243-DCB16B1342EA}.Debug|Any CPU.Build.0 = Debug|Any CPU
		{CE7E67C4-8453-4CE1-9243-DCB16B1342EA}.Release|Any CPU.ActiveCfg = Release|Any CPU
		{CE7E67C4-8453-4CE1-9243-DCB16B1342EA}.Release|Any CPU.Build.0 = Release|Any CPU
		{DAFE3F5E-8E07-4449-BB4C-62237999B417}.Debug|Any CPU.ActiveCfg = Debug|Any CPU
		{DAFE3F5E-8E07-4449-BB4C-62237999B417}.Debug|Any CPU.Build.0 = Debug|Any CPU
		{DAFE3F5E-8E07-4449-BB4C-62237999B417}.Release|Any CPU.ActiveCfg = Release|Any CPU
		{DAFE3F5E-8E07-4449-BB4C-62237999B417}.Release|Any CPU.Build.0 = Release|Any CPU
	EndGlobalSection
	GlobalSection(SolutionProperties) = preSolution
		HideSolutionNode = FALSE
	EndGlobalSection
	GlobalSection(ExtensibilityGlobals) = postSolution
		SolutionGuid = {0C4CDFD8-D717-4BE4-945B-6CCB4EE45876}
	EndGlobalSection
EndGlobal
